// !$*UTF8*$!
{
	archiveVersion = 1;
	classes = {
	};
	objectVersion = 50;
	objects = {

/* Begin PBXBuildFile section */
		D87D1EBF222A265300E3ED6D /* sphere.cpp in Sources */ = {isa = PBXBuildFile; fileRef = D87D1EBE222A265300E3ED6D /* sphere.cpp */; };
		D8F7E660222936ED00325630 /* main.cpp in Sources */ = {isa = PBXBuildFile; fileRef = D8F7E65F222936ED00325630 /* main.cpp */; };
		D8F7E668222936F600325630 /* OpenGL.framework in Frameworks */ = {isa = PBXBuildFile; fileRef = D8F7E667222936F500325630 /* OpenGL.framework */; };
		D8F7E66B222936FF00325630 /* libglfw.3.2.dylib in Frameworks */ = {isa = PBXBuildFile; fileRef = D8F7E669222936FF00325630 /* libglfw.3.2.dylib */; };
		D8F7E66C222936FF00325630 /* libGLEW.2.1.0.dylib in Frameworks */ = {isa = PBXBuildFile; fileRef = D8F7E66A222936FF00325630 /* libGLEW.2.1.0.dylib */; };
		D8F7E67C2229372600325630 /* camera.cpp in Sources */ = {isa = PBXBuildFile; fileRef = D8F7E66F2229372500325630 /* camera.cpp */; };
		D8F7E67E2229372600325630 /* shader.cpp in Sources */ = {isa = PBXBuildFile; fileRef = D8F7E6752229372600325630 /* shader.cpp */; };
/* End PBXBuildFile section */

/* Begin PBXCopyFilesBuildPhase section */
		D8F7E65A222936ED00325630 /* CopyFiles */ = {
			isa = PBXCopyFilesBuildPhase;
			buildActionMask = 2147483647;
			dstPath = /usr/share/man/man1/;
			dstSubfolderSpec = 0;
			files = (
			);
			runOnlyForDeploymentPostprocessing = 1;
		};
/* End PBXCopyFilesBuildPhase section */

/* Begin PBXFileReference section */
		D87D1E8B2229741C00E3ED6D /* shader_sphere.vs */ = {isa = PBXFileReference; lastKnownFileType = sourcecode.glsl; path = shader_sphere.vs; sourceTree = "<group>"; };
		D87D1E8C2229742D00E3ED6D /* shader_sphere.fs */ = {isa = PBXFileReference; lastKnownFileType = sourcecode.glsl; path = shader_sphere.fs; sourceTree = "<group>"; };
		D87D1EBD222A265300E3ED6D /* sphere.hpp */ = {isa = PBXFileReference; fileEncoding = 4; lastKnownFileType = sourcecode.cpp.h; path = sphere.hpp; sourceTree = "<group>"; };
		D87D1EBE222A265300E3ED6D /* sphere.cpp */ = {isa = PBXFileReference; fileEncoding = 4; lastKnownFileType = sourcecode.cpp.cpp; path = sphere.cpp; sourceTree = "<group>"; };
		D8F7E65C222936ED00325630 /* openGL-TEST1 */ = {isa = PBXFileReference; explicitFileType = "compiled.mach-o.executable"; includeInIndex = 0; path = "openGL-TEST1"; sourceTree = BUILT_PRODUCTS_DIR; };
		D8F7E65F222936ED00325630 /* main.cpp */ = {isa = PBXFileReference; lastKnownFileType = sourcecode.cpp.cpp; path = main.cpp; sourceTree = "<group>"; };
		D8F7E667222936F500325630 /* OpenGL.framework */ = {isa = PBXFileReference; lastKnownFileType = wrapper.framework; name = OpenGL.framework; path = System/Library/Frameworks/OpenGL.framework; sourceTree = SDKROOT; };
		D8F7E669222936FF00325630 /* libglfw.3.2.dylib */ = {isa = PBXFileReference; lastKnownFileType = "compiled.mach-o.dylib"; name = libglfw.3.2.dylib; path = ../../../../../usr/local/Cellar/glfw/3.2.1/lib/libglfw.3.2.dylib; sourceTree = "<group>"; };
		D8F7E66A222936FF00325630 /* libGLEW.2.1.0.dylib */ = {isa = PBXFileReference; lastKnownFileType = "compiled.mach-o.dylib"; name = libGLEW.2.1.0.dylib; path = ../../../../../usr/local/Cellar/glew/2.1.0/lib/libGLEW.2.1.0.dylib; sourceTree = "<group>"; };
		D8F7E66F2229372500325630 /* camera.cpp */ = {isa = PBXFileReference; fileEncoding = 4; lastKnownFileType = sourcecode.cpp.cpp; path = camera.cpp; sourceTree = "<group>"; };
		D8F7E6702229372500325630 /* camera.hpp */ = {isa = PBXFileReference; fileEncoding = 4; lastKnownFileType = sourcecode.cpp.h; path = camera.hpp; sourceTree = "<group>"; };
		D8F7E6722229372500325630 /* stb_image.h */ = {isa = PBXFileReference; fileEncoding = 4; lastKnownFileType = sourcecode.c.h; path = stb_image.h; sourceTree = "<group>"; };
		D8F7E6732229372500325630 /* stb.cpp */ = {isa = PBXFileReference; fileEncoding = 4; lastKnownFileType = sourcecode.cpp.cpp; path = stb.cpp; sourceTree = "<group>"; };
		D8F7E6752229372600325630 /* shader.cpp */ = {isa = PBXFileReference; fileEncoding = 4; lastKnownFileType = sourcecode.cpp.cpp; path = shader.cpp; sourceTree = "<group>"; };
		D8F7E6762229372600325630 /* shader.hpp */ = {isa = PBXFileReference; fileEncoding = 4; lastKnownFileType = sourcecode.cpp.h; path = shader.hpp; sourceTree = "<group>"; };
		D8F7E6782229372600325630 /* shader1.vs */ = {isa = PBXFileReference; fileEncoding = 4; lastKnownFileType = sourcecode.glsl; path = shader1.vs; sourceTree = "<group>"; };
		D8F7E6792229372600325630 /* shader_lighter.vs */ = {isa = PBXFileReference; fileEncoding = 4; lastKnownFileType = sourcecode.glsl; path = shader_lighter.vs; sourceTree = "<group>"; };
		D8F7E67A2229372600325630 /* shader_lighter.fs */ = {isa = PBXFileReference; fileEncoding = 4; lastKnownFileType = sourcecode.glsl; path = shader_lighter.fs; sourceTree = "<group>"; };
		D8F7E67B2229372600325630 /* shader1.fs */ = {isa = PBXFileReference; fileEncoding = 4; lastKnownFileType = sourcecode.glsl; path = shader1.fs; sourceTree = "<group>"; };
		D8F7E6802229534F00325630 /* vertices_cube.hpp */ = {isa = PBXFileReference; lastKnownFileType = sourcecode.cpp.h; path = vertices_cube.hpp; sourceTree = "<group>"; };
/* End PBXFileReference section */

/* Begin PBXFrameworksBuildPhase section */
		D8F7E659222936ED00325630 /* Frameworks */ = {
			isa = PBXFrameworksBuildPhase;
			buildActionMask = 2147483647;
			files = (
				D8F7E66B222936FF00325630 /* libglfw.3.2.dylib in Frameworks */,
				D8F7E66C222936FF00325630 /* libGLEW.2.1.0.dylib in Frameworks */,
				D8F7E668222936F600325630 /* OpenGL.framework in Frameworks */,
			);
			runOnlyForDeploymentPostprocessing = 0;
		};
/* End PBXFrameworksBuildPhase section */

/* Begin PBXGroup section */
		D87D1EBC222A265300E3ED6D /* sphere */ = {
			isa = PBXGroup;
			children = (
				D87D1EBD222A265300E3ED6D /* sphere.hpp */,
				D87D1EBE222A265300E3ED6D /* sphere.cpp */,
			);
			path = sphere;
			sourceTree = "<group>";
		};
		D8F7E653222936ED00325630 = {
			isa = PBXGroup;
			children = (
				D8F7E65E222936ED00325630 /* openGL-TEST1 */,
				D8F7E65D222936ED00325630 /* Products */,
				D8F7E666222936F500325630 /* Frameworks */,
			);
			sourceTree = "<group>";
		};
		D8F7E65D222936ED00325630 /* Products */ = {
			isa = PBXGroup;
			children = (
				D8F7E65C222936ED00325630 /* openGL-TEST1 */,
			);
			name = Products;
			sourceTree = "<group>";
		};
		D8F7E65E222936ED00325630 /* openGL-TEST1 */ = {
			isa = PBXGroup;
			children = (
				D8F7E67F2229530C00325630 /* vertices */,
				D8F7E66D2229372500325630 /* header */,
				D8F7E6772229372600325630 /* shaders */,
				D8F7E65F222936ED00325630 /* main.cpp */,
			);
			path = "openGL-TEST1";
			sourceTree = "<group>";
		};
		D8F7E666222936F500325630 /* Frameworks */ = {
			isa = PBXGroup;
			children = (
				D8F7E66A222936FF00325630 /* libGLEW.2.1.0.dylib */,
				D8F7E669222936FF00325630 /* libglfw.3.2.dylib */,
				D8F7E667222936F500325630 /* OpenGL.framework */,
			);
			name = Frameworks;
			sourceTree = "<group>";
		};
		D8F7E66D2229372500325630 /* header */ = {
			isa = PBXGroup;
			children = (
				D87D1EBC222A265300E3ED6D /* sphere */,
				D8F7E66E2229372500325630 /* camera */,
				D8F7E6712229372500325630 /* stb */,
				D8F7E6742229372500325630 /* shader */,
			);
			path = header;
			sourceTree = "<group>";
		};
		D8F7E66E2229372500325630 /* camera */ = {
			isa = PBXGroup;
			children = (
				D8F7E66F2229372500325630 /* camera.cpp */,
				D8F7E6702229372500325630 /* camera.hpp */,
			);
			path = camera;
			sourceTree = "<group>";
		};
		D8F7E6712229372500325630 /* stb */ = {
			isa = PBXGroup;
			children = (
				D8F7E6722229372500325630 /* stb_image.h */,
				D8F7E6732229372500325630 /* stb.cpp */,
			);
			path = stb;
			sourceTree = "<group>";
		};
		D8F7E6742229372500325630 /* shader */ = {
			isa = PBXGroup;
			children = (
				D8F7E6752229372600325630 /* shader.cpp */,
				D8F7E6762229372600325630 /* shader.hpp */,
			);
			path = shader;
			sourceTree = "<group>";
		};
		D8F7E6772229372600325630 /* shaders */ = {
			isa = PBXGroup;
			children = (
				D8F7E6782229372600325630 /* shader1.vs */,
				D8F7E6792229372600325630 /* shader_lighter.vs */,
				D8F7E67A2229372600325630 /* shader_lighter.fs */,
				D8F7E67B2229372600325630 /* shader1.fs */,
				D87D1E8B2229741C00E3ED6D /* shader_sphere.vs */,
				D87D1E8C2229742D00E3ED6D /* shader_sphere.fs */,
			);
			path = shaders;
			sourceTree = "<group>";
		};
		D8F7E67F2229530C00325630 /* vertices */ = {
			isa = PBXGroup;
			children = (
				D8F7E6802229534F00325630 /* vertices_cube.hpp */,
			);
			path = vertices;
			sourceTree = "<group>";
		};
/* End PBXGroup section */

/* Begin PBXNativeTarget section */
		D8F7E65B222936ED00325630 /* openGL-TEST1 */ = {
			isa = PBXNativeTarget;
			buildConfigurationList = D8F7E663222936ED00325630 /* Build configuration list for PBXNativeTarget "openGL-TEST1" */;
			buildPhases = (
				D8F7E658222936ED00325630 /* Sources */,
				D8F7E659222936ED00325630 /* Frameworks */,
				D8F7E65A222936ED00325630 /* CopyFiles */,
			);
			buildRules = (
			);
			dependencies = (
			);
			name = "openGL-TEST1";
			productName = "openGL-TEST1";
			productReference = D8F7E65C222936ED00325630 /* openGL-TEST1 */;
			productType = "com.apple.product-type.tool";
		};
/* End PBXNativeTarget section */

/* Begin PBXProject section */
		D8F7E654222936ED00325630 /* Project object */ = {
			isa = PBXProject;
			attributes = {
				LastUpgradeCheck = 1010;
				ORGANIZATIONNAME = "Lax Zhang";
				TargetAttributes = {
					D8F7E65B222936ED00325630 = {
						CreatedOnToolsVersion = 10.1;
					};
				};
			};
			buildConfigurationList = D8F7E657222936ED00325630 /* Build configuration list for PBXProject "openGL-TEST1" */;
			compatibilityVersion = "Xcode 9.3";
			developmentRegion = en;
			hasScannedForEncodings = 0;
			knownRegions = (
				en,
			);
			mainGroup = D8F7E653222936ED00325630;
			productRefGroup = D8F7E65D222936ED00325630 /* Products */;
			projectDirPath = "";
			projectRoot = "";
			targets = (
				D8F7E65B222936ED00325630 /* openGL-TEST1 */,
			);
		};
/* End PBXProject section */

/* Begin PBXSourcesBuildPhase section */
		D8F7E658222936ED00325630 /* Sources */ = {
			isa = PBXSourcesBuildPhase;
			buildActionMask = 2147483647;
			files = (
				D8F7E67C2229372600325630 /* camera.cpp in Sources */,
				D8F7E67E2229372600325630 /* shader.cpp in Sources */,
				D87D1EBF222A265300E3ED6D /* sphere.cpp in Sources */,
				D8F7E660222936ED00325630 /* main.cpp in Sources */,
			);
			runOnlyForDeploymentPostprocessing = 0;
		};
/* End PBXSourcesBuildPhase section */

/* Begin XCBuildConfiguration section */
		D8F7E661222936ED00325630 /* Debug */ = {
			isa = XCBuildConfiguration;
			buildSettings = {
				ALWAYS_SEARCH_USER_PATHS = NO;
				CLANG_ANALYZER_NONNULL = YES;
				CLANG_ANALYZER_NUMBER_OBJECT_CONVERSION = YES_AGGRESSIVE;
				CLANG_CXX_LANGUAGE_STANDARD = "gnu++14";
				CLANG_CXX_LIBRARY = "libc++";
				CLANG_ENABLE_MODULES = YES;
				CLANG_ENABLE_OBJC_ARC = YES;
				CLANG_ENABLE_OBJC_WEAK = YES;
				CLANG_WARN_BLOCK_CAPTURE_AUTORELEASING = YES;
				CLANG_WARN_BOOL_CONVERSION = YES;
				CLANG_WARN_COMMA = YES;
				CLANG_WARN_CONSTANT_CONVERSION = YES;
				CLANG_WARN_DEPRECATED_OBJC_IMPLEMENTATIONS = YES;
				CLANG_WARN_DIRECT_OBJC_ISA_USAGE = YES_ERROR;
				CLANG_WARN_DOCUMENTATION_COMMENTS = YES;
				CLANG_WARN_EMPTY_BODY = YES;
				CLANG_WARN_ENUM_CONVERSION = YES;
				CLANG_WARN_INFINITE_RECURSION = YES;
				CLANG_WARN_INT_CONVERSION = YES;
				CLANG_WARN_NON_LITERAL_NULL_CONVERSION = YES;
				CLANG_WARN_OBJC_IMPLICIT_RETAIN_SELF = YES;
				CLANG_WARN_OBJC_LITERAL_CONVERSION = YES;
				CLANG_WARN_OBJC_ROOT_CLASS = YES_ERROR;
				CLANG_WARN_RANGE_LOOP_ANALYSIS = YES;
				CLANG_WARN_STRICT_PROTOTYPES = YES;
				CLANG_WARN_SUSPICIOUS_MOVE = YES;
				CLANG_WARN_UNGUARDED_AVAILABILITY = YES_AGGRESSIVE;
				CLANG_WARN_UNREACHABLE_CODE = YES;
				CLANG_WARN__DUPLICATE_METHOD_MATCH = YES;
				CODE_SIGN_IDENTITY = "-";
				COPY_PHASE_STRIP = NO;
				DEBUG_INFORMATION_FORMAT = dwarf;
				ENABLE_STRICT_OBJC_MSGSEND = YES;
				ENABLE_TESTABILITY = YES;
				GCC_C_LANGUAGE_STANDARD = gnu11;
				GCC_DYNAMIC_NO_PIC = NO;
				GCC_NO_COMMON_BLOCKS = YES;
				GCC_OPTIMIZATION_LEVEL = 0;
				GCC_PREPROCESSOR_DEFINITIONS = (
					"DEBUG=1",
					"$(inherited)",
				);
				GCC_WARN_64_TO_32_BIT_CONVERSION = YES;
				GCC_WARN_ABOUT_RETURN_TYPE = YES_ERROR;
				GCC_WARN_UNDECLARED_SELECTOR = YES;
				GCC_WARN_UNINITIALIZED_AUTOS = YES_AGGRESSIVE;
				GCC_WARN_UNUSED_FUNCTION = YES;
				GCC_WARN_UNUSED_VARIABLE = YES;
				MACOSX_DEPLOYMENT_TARGET = 10.14;
				MTL_ENABLE_DEBUG_INFO = INCLUDE_SOURCE;
				MTL_FAST_MATH = YES;
				ONLY_ACTIVE_ARCH = YES;
				SDKROOT = macosx;
			};
			name = Debug;
		};
		D8F7E662222936ED00325630 /* Release */ = {
			isa = XCBuildConfiguration;
			buildSettings = {
				ALWAYS_SEARCH_USER_PATHS = NO;
				CLANG_ANALYZER_NONNULL = YES;
				CLANG_ANALYZER_NUMBER_OBJECT_CONVERSION = YES_AGGRESSIVE;
				CLANG_CXX_LANGUAGE_STANDARD = "gnu++14";
				CLANG_CXX_LIBRARY = "libc++";
				CLANG_ENABLE_MODULES = YES;
				CLANG_ENABLE_OBJC_ARC = YES;
				CLANG_ENABLE_OBJC_WEAK = YES;
				CLANG_WARN_BLOCK_CAPTURE_AUTORELEASING = YES;
				CLANG_WARN_BOOL_CONVERSION = YES;
				CLANG_WARN_COMMA = YES;
				CLANG_WARN_CONSTANT_CONVERSION = YES;
				CLANG_WARN_DEPRECATED_OBJC_IMPLEMENTATIONS = YES;
				CLANG_WARN_DIRECT_OBJC_ISA_USAGE = YES_ERROR;
				CLANG_WARN_DOCUMENTATION_COMMENTS = YES;
				CLANG_WARN_EMPTY_BODY = YES;
				CLANG_WARN_ENUM_CONVERSION = YES;
				CLANG_WARN_INFINITE_RECURSION = YES;
				CLANG_WARN_INT_CONVERSION = YES;
				CLANG_WARN_NON_LITERAL_NULL_CONVERSION = YES;
				CLANG_WARN_OBJC_IMPLICIT_RETAIN_SELF = YES;
				CLANG_WARN_OBJC_LITERAL_CONVERSION = YES;
				CLANG_WARN_OBJC_ROOT_CLASS = YES_ERROR;
				CLANG_WARN_RANGE_LOOP_ANALYSIS = YES;
				CLANG_WARN_STRICT_PROTOTYPES = YES;
				CLANG_WARN_SUSPICIOUS_MOVE = YES;
				CLANG_WARN_UNGUARDED_AVAILABILITY = YES_AGGRESSIVE;
				CLANG_WARN_UNREACHABLE_CODE = YES;
				CLANG_WARN__DUPLICATE_METHOD_MATCH = YES;
				CODE_SIGN_IDENTITY = "-";
				COPY_PHASE_STRIP = NO;
				DEBUG_INFORMATION_FORMAT = "dwarf-with-dsym";
				ENABLE_NS_ASSERTIONS = NO;
				ENABLE_STRICT_OBJC_MSGSEND = YES;
				GCC_C_LANGUAGE_STANDARD = gnu11;
				GCC_NO_COMMON_BLOCKS = YES;
				GCC_WARN_64_TO_32_BIT_CONVERSION = YES;
				GCC_WARN_ABOUT_RETURN_TYPE = YES_ERROR;
				GCC_WARN_UNDECLARED_SELECTOR = YES;
				GCC_WARN_UNINITIALIZED_AUTOS = YES_AGGRESSIVE;
				GCC_WARN_UNUSED_FUNCTION = YES;
				GCC_WARN_UNUSED_VARIABLE = YES;
				MACOSX_DEPLOYMENT_TARGET = 10.14;
				MTL_ENABLE_DEBUG_INFO = NO;
				MTL_FAST_MATH = YES;
				SDKROOT = macosx;
			};
			name = Release;
		};
		D8F7E664222936ED00325630 /* Debug */ = {
			isa = XCBuildConfiguration;
			buildSettings = {
				CODE_SIGN_STYLE = Automatic;
				HEADER_SEARCH_PATHS = /usr/local/include;
				LIBRARY_SEARCH_PATHS = (
					"$(inherited)",
					/usr/local/Cellar/glfw/3.2.1/lib,
					/usr/local/Cellar/glew/2.1.0/lib,
				);
				PRODUCT_NAME = "$(TARGET_NAME)";
			};
			name = Debug;
		};
		D8F7E665222936ED00325630 /* Release */ = {
			isa = XCBuildConfiguration;
			buildSettings = {
				CODE_SIGN_STYLE = Automatic;
				HEADER_SEARCH_PATHS = /usr/local/include;
				LIBRARY_SEARCH_PATHS = (
					"$(inherited)",
					/usr/local/Cellar/glfw/3.2.1/lib,
					/usr/local/Cellar/glew/2.1.0/lib,
				);
				PRODUCT_NAME = "$(TARGET_NAME)";
			};
			name = Release;
		};
/* End XCBuildConfiguration section */

/* Begin XCConfigurationList section */
		D8F7E657222936ED00325630 /* Build configuration list for PBXProject "openGL-TEST1" */ = {
			isa = XCConfigurationList;
			buildConfigurations = (
				D8F7E661222936ED00325630 /* Debug */,
				D8F7E662222936ED00325630 /* Release */,
			);
			defaultConfigurationIsVisible = 0;
			defaultConfigurationName = Release;
		};
		D8F7E663222936ED00325630 /* Build configuration list for PBXNativeTarget "openGL-TEST1" */ = {
			isa = XCConfigurationList;
			buildConfigurations = (
				D8F7E664222936ED00325630 /* Debug */,
				D8F7E665222936ED00325630 /* Release */,
			);
			defaultConfigurationIsVisible = 0;
			defaultConfigurationName = Release;
		};
/* End XCConfigurationList section */
	};
	rootObject = D8F7E654222936ED00325630 /* Project object */;
}
